{
  "name": "@hexlet/code",
  "version": "1.0.0",
  "lockfileVersion": 2,
  "requires": true,
  "packages": {
    "": {
      "version": "1.0.0",
      "license": "ISC",
      "dependencies": {
        "make": "^0.8.1"
      },
      "bin": {
        "brain-games": "bin/brain-games.js"
      }
    }
  }
}
